
Microsoft Visual Studio Solution File, Format Version 12.00
# Visual Studio Version 17
VisualStudioVersion = 17.4.33403.182
MinimumVisualStudioVersion = 10.0.40219.1
Project("{FAE04EC0-301F-11D3-BF4B-00C04F79EFBC}") = "AvisFormation", "AvisFormation\AvisFormation.csproj", "{3B3E3ADD-C548-4591-8020-A627142FA18B}"
EndProject
Project("{FAE04EC0-301F-11D3-BF4B-00C04F79EFBC}") = "Data", "Data\Data.csproj", "{0AB1F714-E3E7-4B3D-A7CE-59A7DAB2CD4C}"
EndProject
Global
	GlobalSection(SolutionConfigurationPlatforms) = preSolution
		Debug|Any CPU = Debug|Any CPU
		Release|Any CPU = Release|Any CPU
	EndGlobalSection
	GlobalSection(ProjectConfigurationPlatforms) = postSolution
		{3B3E3ADD-C548-4591-8020-A627142FA18B}.Debug|Any CPU.ActiveCfg = Debug|Any CPU
		{3B3E3ADD-C548-4591-8020-A627142FA18B}.Debug|Any CPU.Build.0 = Debug|Any CPU
		{3B3E3ADD-C548-4591-8020-A627142FA18B}.Release|Any CPU.ActiveCfg = Release|Any CPU
		{3B3E3ADD-C548-4591-8020-A627142FA18B}.Release|Any CPU.Build.0 = Release|Any CPU
		{0AB1F714-E3E7-4B3D-A7CE-59A7DAB2CD4C}.Debug|Any CPU.ActiveCfg = Debug|Any CPU
		{0AB1F714-E3E7-4B3D-A7CE-59A7DAB2CD4C}.Debug|Any CPU.Build.0 = Debug|Any CPU
		{0AB1F714-E3E7-4B3D-A7CE-59A7DAB2CD4C}.Release|Any CPU.ActiveCfg = Release|Any CPU
		{0AB1F714-E3E7-4B3D-A7CE-59A7DAB2CD4C}.Release|Any CPU.Build.0 = Release|Any CPU
	EndGlobalSection
	GlobalSection(SolutionProperties) = preSolution
		HideSolutionNode = FALSE
	EndGlobalSection
	GlobalSection(ExtensibilityGlobals) = postSolution
		SolutionGuid = {A14D206C-C0D4-445B-95E8-8637C80699A9}
	EndGlobalSection
EndGlobal
